
Microsoft Visual Studio Solution File, Format Version 12.00
# Visual Studio Version 16
VisualStudioVersion = 16.0.28922.388
MinimumVisualStudioVersion = 10.0.40219.1
Project("{FAE04EC0-301F-11D3-BF4B-00C04F79EFBC}") = "AddressBook", "AddressBook\AddressBook.csproj", "{C504A0D8-F1DE-4DA0-B040-0D2F1727CDEF}"
EndProject
Global
	GlobalSection(SolutionConfigurationPlatforms) = preSolution
		Debug|Any CPU = Debug|Any CPU
		Release|Any CPU = Release|Any CPU
	EndGlobalSection
	GlobalSection(ProjectConfigurationPlatforms) = postSolution
		{C504A0D8-F1DE-4DA0-B040-0D2F1727CDEF}.Debug|Any CPU.ActiveCfg = Debug|Any CPU
		{C504A0D8-F1DE-4DA0-B040-0D2F1727CDEF}.Debug|Any CPU.Build.0 = Debug|Any CPU
		{C504A0D8-F1DE-4DA0-B040-0D2F1727CDEF}.Release|Any CPU.ActiveCfg = Release|Any CPU
		{C504A0D8-F1DE-4DA0-B040-0D2F1727CDEF}.Release|Any CPU.Build.0 = Release|Any CPU
	EndGlobalSection
	GlobalSection(SolutionProperties) = preSolution
		HideSolutionNode = FALSE
	EndGlobalSection
	GlobalSection(ExtensibilityGlobals) = postSolution
		SolutionGuid = {3A09F15F-51BD-4DD7-9F63-52CB7B6481DB}
	EndGlobalSection
EndGlobal
